
Microsoft Visual Studio Solution File, Format Version 12.00
# Visual Studio 15
VisualStudioVersion = 15.0.28010.2041
MinimumVisualStudioVersion = 10.0.40219.1
Project("{FAE04EC0-301F-11D3-BF4B-00C04F79EFBC}") = "Mantejapp", "Mantejapp\Mantejapp.csproj", "{20E20C66-FA23-4D91-B617-26D3A21EA742}"
EndProject
Global
	GlobalSection(SolutionConfigurationPlatforms) = preSolution
		Debug|Any CPU = Debug|Any CPU
		Release|Any CPU = Release|Any CPU
	EndGlobalSection
	GlobalSection(ProjectConfigurationPlatforms) = postSolution
		{20E20C66-FA23-4D91-B617-26D3A21EA742}.Debug|Any CPU.ActiveCfg = Debug|Any CPU
		{20E20C66-FA23-4D91-B617-26D3A21EA742}.Debug|Any CPU.Build.0 = Debug|Any CPU
		{20E20C66-FA23-4D91-B617-26D3A21EA742}.Release|Any CPU.ActiveCfg = Release|Any CPU
		{20E20C66-FA23-4D91-B617-26D3A21EA742}.Release|Any CPU.Build.0 = Release|Any CPU
	EndGlobalSection
	GlobalSection(SolutionProperties) = preSolution
		HideSolutionNode = FALSE
	EndGlobalSection
	GlobalSection(ExtensibilityGlobals) = postSolution
		SolutionGuid = {38A47744-49FB-46DA-AA2A-89E85B6F903A}
	EndGlobalSection
EndGlobal
